// !$*UTF8*$!
{
	archiveVersion = 1;
	classes = {
	};
	objectVersion = 46;
	objects = {

/* Begin PBXBuildFile section */
		A126F8041A180C010039EC8A /* main.m in Sources */ = {isa = PBXBuildFile; fileRef = A126F8031A180C010039EC8A /* main.m */; };
		A126F8071A180C010039EC8A /* AppDelegate.m in Sources */ = {isa = PBXBuildFile; fileRef = A126F8061A180C010039EC8A /* AppDelegate.m */; };
		A126F80A1A180C010039EC8A /* MasterViewController.m in Sources */ = {isa = PBXBuildFile; fileRef = A126F8091A180C010039EC8A /* MasterViewController.m */; };
		A126F80D1A180C010039EC8A /* DetailViewController.m in Sources */ = {isa = PBXBuildFile; fileRef = A126F80C1A180C010039EC8A /* DetailViewController.m */; };
		A126F8101A180C010039EC8A /* Main.storyboard in Resources */ = {isa = PBXBuildFile; fileRef = A126F80E1A180C010039EC8A /* Main.storyboard */; };
		A126F8121A180C010039EC8A /* Images.xcassets in Resources */ = {isa = PBXBuildFile; fileRef = A126F8111A180C010039EC8A /* Images.xcassets */; };
		A126F8151A180C010039EC8A /* LaunchScreen.xib in Resources */ = {isa = PBXBuildFile; fileRef = A126F8131A180C010039EC8A /* LaunchScreen.xib */; };
		A126F8211A180C010039EC8A /* ClickPicTests.m in Sources */ = {isa = PBXBuildFile; fileRef = A126F8201A180C010039EC8A /* ClickPicTests.m */; };
		A126F82C1A18156A0039EC8A /* LoginViewController.m in Sources */ = {isa = PBXBuildFile; fileRef = A126F82B1A18156A0039EC8A /* LoginViewController.m */; };
		A126F8C71A1816EF0039EC8A /* AFHTTPRequestOperation.m in Sources */ = {isa = PBXBuildFile; fileRef = A126F8331A1816EF0039EC8A /* AFHTTPRequestOperation.m */; };
		A126F8C81A1816EF0039EC8A /* AFHTTPRequestOperationManager.m in Sources */ = {isa = PBXBuildFile; fileRef = A126F8351A1816EF0039EC8A /* AFHTTPRequestOperationManager.m */; };
		A126F8C91A1816EF0039EC8A /* AFHTTPSessionManager.m in Sources */ = {isa = PBXBuildFile; fileRef = A126F8371A1816EF0039EC8A /* AFHTTPSessionManager.m */; };
		A126F8CA1A1816EF0039EC8A /* AFNetworkReachabilityManager.m in Sources */ = {isa = PBXBuildFile; fileRef = A126F83A1A1816EF0039EC8A /* AFNetworkReachabilityManager.m */; };
		A126F8CB1A1816EF0039EC8A /* AFSecurityPolicy.m in Sources */ = {isa = PBXBuildFile; fileRef = A126F83C1A1816EF0039EC8A /* AFSecurityPolicy.m */; };
		A126F8CC1A1816EF0039EC8A /* AFURLConnectionOperation.m in Sources */ = {isa = PBXBuildFile; fileRef = A126F83E1A1816EF0039EC8A /* AFURLConnectionOperation.m */; };
		A126F8CD1A1816EF0039EC8A /* AFURLRequestSerialization.m in Sources */ = {isa = PBXBuildFile; fileRef = A126F8401A1816EF0039EC8A /* AFURLRequestSerialization.m */; };
		A126F8CE1A1816EF0039EC8A /* AFURLResponseSerialization.m in Sources */ = {isa = PBXBuildFile; fileRef = A126F8421A1816EF0039EC8A /* AFURLResponseSerialization.m */; };
		A126F8CF1A1816EF0039EC8A /* AFURLSessionManager.m in Sources */ = {isa = PBXBuildFile; fileRef = A126F8441A1816EF0039EC8A /* AFURLSessionManager.m */; };
		A1887BFD1A186E25000FE1A7 /* FeedCell.m in Sources */ = {isa = PBXBuildFile; fileRef = A1887BFC1A186E25000FE1A7 /* FeedCell.m */; };
		A1887BFF1A1871C4000FE1A7 /* CoreLocation.framework in Frameworks */ = {isa = PBXBuildFile; fileRef = A1887BFE1A1871C4000FE1A7 /* CoreLocation.framework */; };
		A1887C021A187B66000FE1A7 /* FeedViewController.m in Sources */ = {isa = PBXBuildFile; fileRef = A1887C011A187B66000FE1A7 /* FeedViewController.m */; };
		A1887C051A1883A2000FE1A7 /* TakePicViewController.m in Sources */ = {isa = PBXBuildFile; fileRef = A1887C041A1883A2000FE1A7 /* TakePicViewController.m */; };
/* End PBXBuildFile section */

/* Begin PBXContainerItemProxy section */
		A126F81B1A180C010039EC8A /* PBXContainerItemProxy */ = {
			isa = PBXContainerItemProxy;
			containerPortal = A126F7F61A180C010039EC8A /* Project object */;
			proxyType = 1;
			remoteGlobalIDString = A126F7FD1A180C010039EC8A;
			remoteInfo = ClickPic;
		};
/* End PBXContainerItemProxy section */

/* Begin PBXFileReference section */
		A126F7FE1A180C010039EC8A /* ClickPic.app */ = {isa = PBXFileReference; explicitFileType = wrapper.application; includeInIndex = 0; path = ClickPic.app; sourceTree = BUILT_PRODUCTS_DIR; };
		A126F8021A180C010039EC8A /* Info.plist */ = {isa = PBXFileReference; lastKnownFileType = text.plist.xml; path = Info.plist; sourceTree = "<group>"; };
		A126F8031A180C010039EC8A /* main.m */ = {isa = PBXFileReference; lastKnownFileType = sourcecode.c.objc; path = main.m; sourceTree = "<group>"; };
		A126F8051A180C010039EC8A /* AppDelegate.h */ = {isa = PBXFileReference; lastKnownFileType = sourcecode.c.h; path = AppDelegate.h; sourceTree = "<group>"; };
		A126F8061A180C010039EC8A /* AppDelegate.m */ = {isa = PBXFileReference; lastKnownFileType = sourcecode.c.objc; path = AppDelegate.m; sourceTree = "<group>"; };
		A126F8081A180C010039EC8A /* MasterViewController.h */ = {isa = PBXFileReference; lastKnownFileType = sourcecode.c.h; path = MasterViewController.h; sourceTree = "<group>"; };
		A126F8091A180C010039EC8A /* MasterViewController.m */ = {isa = PBXFileReference; lastKnownFileType = sourcecode.c.objc; path = MasterViewController.m; sourceTree = "<group>"; };
		A126F80B1A180C010039EC8A /* DetailViewController.h */ = {isa = PBXFileReference; lastKnownFileType = sourcecode.c.h; path = DetailViewController.h; sourceTree = "<group>"; };
		A126F80C1A180C010039EC8A /* DetailViewController.m */ = {isa = PBXFileReference; lastKnownFileType = sourcecode.c.objc; path = DetailViewController.m; sourceTree = "<group>"; };
		A126F80F1A180C010039EC8A /* Base */ = {isa = PBXFileReference; lastKnownFileType = file.storyboard; name = Base; path = Base.lproj/Main.storyboard; sourceTree = "<group>"; };
		A126F8111A180C010039EC8A /* Images.xcassets */ = {isa = PBXFileReference; lastKnownFileType = folder.assetcatalog; path = Images.xcassets; sourceTree = "<group>"; };
		A126F8141A180C010039EC8A /* Base */ = {isa = PBXFileReference; lastKnownFileType = file.xib; name = Base; path = Base.lproj/LaunchScreen.xib; sourceTree = "<group>"; };
		A126F81A1A180C010039EC8A /* ClickPicTests.xctest */ = {isa = PBXFileReference; explicitFileType = wrapper.cfbundle; includeInIndex = 0; path = ClickPicTests.xctest; sourceTree = BUILT_PRODUCTS_DIR; };
		A126F81F1A180C010039EC8A /* Info.plist */ = {isa = PBXFileReference; lastKnownFileType = text.plist.xml; path = Info.plist; sourceTree = "<group>"; };
		A126F8201A180C010039EC8A /* ClickPicTests.m */ = {isa = PBXFileReference; lastKnownFileType = sourcecode.c.objc; path = ClickPicTests.m; sourceTree = "<group>"; };
		A126F82A1A18156A0039EC8A /* LoginViewController.h */ = {isa = PBXFileReference; fileEncoding = 4; lastKnownFileType = sourcecode.c.h; path = LoginViewController.h; sourceTree = "<group>"; };
		A126F82B1A18156A0039EC8A /* LoginViewController.m */ = {isa = PBXFileReference; fileEncoding = 4; lastKnownFileType = sourcecode.c.objc; path = LoginViewController.m; sourceTree = "<group>"; };
		A126F8321A1816EF0039EC8A /* AFHTTPRequestOperation.h */ = {isa = PBXFileReference; fileEncoding = 4; lastKnownFileType = sourcecode.c.h; path = AFHTTPRequestOperation.h; sourceTree = "<group>"; };
		A126F8331A1816EF0039EC8A /* AFHTTPRequestOperation.m */ = {isa = PBXFileReference; fileEncoding = 4; lastKnownFileType = sourcecode.c.objc; path = AFHTTPRequestOperation.m; sourceTree = "<group>"; };
		A126F8341A1816EF0039EC8A /* AFHTTPRequestOperationManager.h */ = {isa = PBXFileReference; fileEncoding = 4; lastKnownFileType = sourcecode.c.h; path = AFHTTPRequestOperationManager.h; sourceTree = "<group>"; };
		A126F8351A1816EF0039EC8A /* AFHTTPRequestOperationManager.m */ = {isa = PBXFileReference; fileEncoding = 4; lastKnownFileType = sourcecode.c.objc; path = AFHTTPRequestOperationManager.m; sourceTree = "<group>"; };
		A126F8361A1816EF0039EC8A /* AFHTTPSessionManager.h */ = {isa = PBXFileReference; fileEncoding = 4; lastKnownFileType = sourcecode.c.h; path = AFHTTPSessionManager.h; sourceTree = "<group>"; };
		A126F8371A1816EF0039EC8A /* AFHTTPSessionManager.m */ = {isa = PBXFileReference; fileEncoding = 4; lastKnownFileType = sourcecode.c.objc; path = AFHTTPSessionManager.m; sourceTree = "<group>"; };
		A126F8381A1816EF0039EC8A /* AFNetworking.h */ = {isa = PBXFileReference; fileEncoding = 4; lastKnownFileType = sourcecode.c.h; path = AFNetworking.h; sourceTree = "<group>"; };
		A126F8391A1816EF0039EC8A /* AFNetworkReachabilityManager.h */ = {isa = PBXFileReference; fileEncoding = 4; lastKnownFileType = sourcecode.c.h; path = AFNetworkReachabilityManager.h; sourceTree = "<group>"; };
		A126F83A1A1816EF0039EC8A /* AFNetworkReachabilityManager.m */ = {isa = PBXFileReference; fileEncoding = 4; lastKnownFileType = sourcecode.c.objc; path = AFNetworkReachabilityManager.m; sourceTree = "<group>"; };
		A126F83B1A1816EF0039EC8A /* AFSecurityPolicy.h */ = {isa = PBXFileReference; fileEncoding = 4; lastKnownFileType = sourcecode.c.h; path = AFSecurityPolicy.h; sourceTree = "<group>"; };
		A126F83C1A1816EF0039EC8A /* AFSecurityPolicy.m */ = {isa = PBXFileReference; fileEncoding = 4; lastKnownFileType = sourcecode.c.objc; path = AFSecurityPolicy.m; sourceTree = "<group>"; };
		A126F83D1A1816EF0039EC8A /* AFURLConnectionOperation.h */ = {isa = PBXFileReference; fileEncoding = 4; lastKnownFileType = sourcecode.c.h; path = AFURLConnectionOperation.h; sourceTree = "<group>"; };
		A126F83E1A1816EF0039EC8A /* AFURLConnectionOperation.m */ = {isa = PBXFileReference; fileEncoding = 4; lastKnownFileType = sourcecode.c.objc; path = AFURLConnectionOperation.m; sourceTree = "<group>"; };
		A126F83F1A1816EF0039EC8A /* AFURLRequestSerialization.h */ = {isa = PBXFileReference; fileEncoding = 4; lastKnownFileType = sourcecode.c.h; path = AFURLRequestSerialization.h; sourceTree = "<group>"; };
		A126F8401A1816EF0039EC8A /* AFURLRequestSerialization.m */ = {isa = PBXFileReference; fileEncoding = 4; lastKnownFileType = sourcecode.c.objc; path = AFURLRequestSerialization.m; sourceTree = "<group>"; };
		A126F8411A1816EF0039EC8A /* AFURLResponseSerialization.h */ = {isa = PBXFileReference; fileEncoding = 4; lastKnownFileType = sourcecode.c.h; path = AFURLResponseSerialization.h; sourceTree = "<group>"; };
		A126F8421A1816EF0039EC8A /* AFURLResponseSerialization.m */ = {isa = PBXFileReference; fileEncoding = 4; lastKnownFileType = sourcecode.c.objc; path = AFURLResponseSerialization.m; sourceTree = "<group>"; };
		A126F8431A1816EF0039EC8A /* AFURLSessionManager.h */ = {isa = PBXFileReference; fileEncoding = 4; lastKnownFileType = sourcecode.c.h; path = AFURLSessionManager.h; sourceTree = "<group>"; };
		A126F8441A1816EF0039EC8A /* AFURLSessionManager.m */ = {isa = PBXFileReference; fileEncoding = 4; lastKnownFileType = sourcecode.c.objc; path = AFURLSessionManager.m; sourceTree = "<group>"; };
		A1887BFB1A186E25000FE1A7 /* FeedCell.h */ = {isa = PBXFileReference; fileEncoding = 4; lastKnownFileType = sourcecode.c.h; path = FeedCell.h; sourceTree = "<group>"; };
		A1887BFC1A186E25000FE1A7 /* FeedCell.m */ = {isa = PBXFileReference; fileEncoding = 4; lastKnownFileType = sourcecode.c.objc; path = FeedCell.m; sourceTree = "<group>"; };
		A1887BFE1A1871C4000FE1A7 /* CoreLocation.framework */ = {isa = PBXFileReference; lastKnownFileType = wrapper.framework; name = CoreLocation.framework; path = System/Library/Frameworks/CoreLocation.framework; sourceTree = SDKROOT; };
		A1887C001A187B66000FE1A7 /* FeedViewController.h */ = {isa = PBXFileReference; fileEncoding = 4; lastKnownFileType = sourcecode.c.h; path = FeedViewController.h; sourceTree = "<group>"; };
		A1887C011A187B66000FE1A7 /* FeedViewController.m */ = {isa = PBXFileReference; fileEncoding = 4; lastKnownFileType = sourcecode.c.objc; path = FeedViewController.m; sourceTree = "<group>"; };
		A1887C031A1883A2000FE1A7 /* TakePicViewController.h */ = {isa = PBXFileReference; fileEncoding = 4; lastKnownFileType = sourcecode.c.h; path = TakePicViewController.h; sourceTree = "<group>"; };
		A1887C041A1883A2000FE1A7 /* TakePicViewController.m */ = {isa = PBXFileReference; fileEncoding = 4; lastKnownFileType = sourcecode.c.objc; path = TakePicViewController.m; sourceTree = "<group>"; };
/* End PBXFileReference section */

/* Begin PBXFrameworksBuildPhase section */
		A126F7FB1A180C010039EC8A /* Frameworks */ = {
			isa = PBXFrameworksBuildPhase;
			buildActionMask = 2147483647;
			files = (
				A1887BFF1A1871C4000FE1A7 /* CoreLocation.framework in Frameworks */,
			);
			runOnlyForDeploymentPostprocessing = 0;
		};
		A126F8171A180C010039EC8A /* Frameworks */ = {
			isa = PBXFrameworksBuildPhase;
			buildActionMask = 2147483647;
			files = (
			);
			runOnlyForDeploymentPostprocessing = 0;
		};
/* End PBXFrameworksBuildPhase section */

/* Begin PBXGroup section */
		A126F7F51A180C010039EC8A = {
			isa = PBXGroup;
			children = (
				A126F8001A180C010039EC8A /* ClickPic */,
				A126F81D1A180C010039EC8A /* ClickPicTests */,
				A126F7FF1A180C010039EC8A /* Products */,
			);
			sourceTree = "<group>";
		};
		A126F7FF1A180C010039EC8A /* Products */ = {
			isa = PBXGroup;
			children = (
				A126F7FE1A180C010039EC8A /* ClickPic.app */,
				A126F81A1A180C010039EC8A /* ClickPicTests.xctest */,
			);
			name = Products;
			sourceTree = "<group>";
		};
		A126F8001A180C010039EC8A /* ClickPic */ = {
			isa = PBXGroup;
			children = (
				A126F8311A1816EF0039EC8A /* AFNetworking */,
				A1887BFE1A1871C4000FE1A7 /* CoreLocation.framework */,
				A126F8051A180C010039EC8A /* AppDelegate.h */,
				A126F8061A180C010039EC8A /* AppDelegate.m */,
				A126F8081A180C010039EC8A /* MasterViewController.h */,
				A126F8091A180C010039EC8A /* MasterViewController.m */,
				A126F80B1A180C010039EC8A /* DetailViewController.h */,
				A126F80C1A180C010039EC8A /* DetailViewController.m */,
				A126F80E1A180C010039EC8A /* Main.storyboard */,
				A126F8111A180C010039EC8A /* Images.xcassets */,
				A126F8131A180C010039EC8A /* LaunchScreen.xib */,
				A126F8011A180C010039EC8A /* Supporting Files */,
				A126F82A1A18156A0039EC8A /* LoginViewController.h */,
				A126F82B1A18156A0039EC8A /* LoginViewController.m */,
				A1887C001A187B66000FE1A7 /* FeedViewController.h */,
				A1887C011A187B66000FE1A7 /* FeedViewController.m */,
				A1887BFB1A186E25000FE1A7 /* FeedCell.h */,
				A1887BFC1A186E25000FE1A7 /* FeedCell.m */,
				A1887C031A1883A2000FE1A7 /* TakePicViewController.h */,
				A1887C041A1883A2000FE1A7 /* TakePicViewController.m */,
			);
			path = ClickPic;
			sourceTree = "<group>";
		};
		A126F8011A180C010039EC8A /* Supporting Files */ = {
			isa = PBXGroup;
			children = (
				A126F8021A180C010039EC8A /* Info.plist */,
				A126F8031A180C010039EC8A /* main.m */,
			);
			name = "Supporting Files";
			sourceTree = "<group>";
		};
		A126F81D1A180C010039EC8A /* ClickPicTests */ = {
			isa = PBXGroup;
			children = (
				A126F8201A180C010039EC8A /* ClickPicTests.m */,
				A126F81E1A180C010039EC8A /* Supporting Files */,
			);
			path = ClickPicTests;
			sourceTree = "<group>";
		};
		A126F81E1A180C010039EC8A /* Supporting Files */ = {
			isa = PBXGroup;
			children = (
				A126F81F1A180C010039EC8A /* Info.plist */,
			);
			name = "Supporting Files";
			sourceTree = "<group>";
		};
		A126F8311A1816EF0039EC8A /* AFNetworking */ = {
			isa = PBXGroup;
			children = (
				A126F8321A1816EF0039EC8A /* AFHTTPRequestOperation.h */,
				A126F8331A1816EF0039EC8A /* AFHTTPRequestOperation.m */,
				A126F8341A1816EF0039EC8A /* AFHTTPRequestOperationManager.h */,
				A126F8351A1816EF0039EC8A /* AFHTTPRequestOperationManager.m */,
				A126F8361A1816EF0039EC8A /* AFHTTPSessionManager.h */,
				A126F8371A1816EF0039EC8A /* AFHTTPSessionManager.m */,
				A126F8381A1816EF0039EC8A /* AFNetworking.h */,
				A126F8391A1816EF0039EC8A /* AFNetworkReachabilityManager.h */,
				A126F83A1A1816EF0039EC8A /* AFNetworkReachabilityManager.m */,
				A126F83B1A1816EF0039EC8A /* AFSecurityPolicy.h */,
				A126F83C1A1816EF0039EC8A /* AFSecurityPolicy.m */,
				A126F83D1A1816EF0039EC8A /* AFURLConnectionOperation.h */,
				A126F83E1A1816EF0039EC8A /* AFURLConnectionOperation.m */,
				A126F83F1A1816EF0039EC8A /* AFURLRequestSerialization.h */,
				A126F8401A1816EF0039EC8A /* AFURLRequestSerialization.m */,
				A126F8411A1816EF0039EC8A /* AFURLResponseSerialization.h */,
				A126F8421A1816EF0039EC8A /* AFURLResponseSerialization.m */,
				A126F8431A1816EF0039EC8A /* AFURLSessionManager.h */,
				A126F8441A1816EF0039EC8A /* AFURLSessionManager.m */,
			);
			name = AFNetworking;
			path = "AFNetworking-master/AFNetworking";
			sourceTree = "<group>";
		};
/* End PBXGroup section */

/* Begin PBXNativeTarget section */
		A126F7FD1A180C010039EC8A /* ClickPic */ = {
			isa = PBXNativeTarget;
			buildConfigurationList = A126F8241A180C010039EC8A /* Build configuration list for PBXNativeTarget "ClickPic" */;
			buildPhases = (
				A126F7FA1A180C010039EC8A /* Sources */,
				A126F7FB1A180C010039EC8A /* Frameworks */,
				A126F7FC1A180C010039EC8A /* Resources */,
			);
			buildRules = (
			);
			dependencies = (
			);
			name = ClickPic;
			productName = ClickPic;
			productReference = A126F7FE1A180C010039EC8A /* ClickPic.app */;
			productType = "com.apple.product-type.application";
		};
		A126F8191A180C010039EC8A /* ClickPicTests */ = {
			isa = PBXNativeTarget;
			buildConfigurationList = A126F8271A180C010039EC8A /* Build configuration list for PBXNativeTarget "ClickPicTests" */;
			buildPhases = (
				A126F8161A180C010039EC8A /* Sources */,
				A126F8171A180C010039EC8A /* Frameworks */,
				A126F8181A180C010039EC8A /* Resources */,
			);
			buildRules = (
			);
			dependencies = (
				A126F81C1A180C010039EC8A /* PBXTargetDependency */,
			);
			name = ClickPicTests;
			productName = ClickPicTests;
			productReference = A126F81A1A180C010039EC8A /* ClickPicTests.xctest */;
			productType = "com.apple.product-type.bundle.unit-test";
		};
/* End PBXNativeTarget section */

/* Begin PBXProject section */
		A126F7F61A180C010039EC8A /* Project object */ = {
			isa = PBXProject;
			attributes = {
				LastUpgradeCheck = 0610;
				ORGANIZATIONNAME = ClickPic;
				TargetAttributes = {
					A126F7FD1A180C010039EC8A = {
						CreatedOnToolsVersion = 6.1;
					};
					A126F8191A180C010039EC8A = {
						CreatedOnToolsVersion = 6.1;
						TestTargetID = A126F7FD1A180C010039EC8A;
					};
				};
			};
			buildConfigurationList = A126F7F91A180C010039EC8A /* Build configuration list for PBXProject "ClickPic" */;
			compatibilityVersion = "Xcode 3.2";
			developmentRegion = English;
			hasScannedForEncodings = 0;
			knownRegions = (
				en,
				Base,
			);
			mainGroup = A126F7F51A180C010039EC8A;
			productRefGroup = A126F7FF1A180C010039EC8A /* Products */;
			projectDirPath = "";
			projectRoot = "";
			targets = (
				A126F7FD1A180C010039EC8A /* ClickPic */,
				A126F8191A180C010039EC8A /* ClickPicTests */,
			);
		};
/* End PBXProject section */

/* Begin PBXResourcesBuildPhase section */
		A126F7FC1A180C010039EC8A /* Resources */ = {
			isa = PBXResourcesBuildPhase;
			buildActionMask = 2147483647;
			files = (
				A126F8101A180C010039EC8A /* Main.storyboard in Resources */,
				A126F8151A180C010039EC8A /* LaunchScreen.xib in Resources */,
				A126F8121A180C010039EC8A /* Images.xcassets in Resources */,
			);
			runOnlyForDeploymentPostprocessing = 0;
		};
		A126F8181A180C010039EC8A /* Resources */ = {
			isa = PBXResourcesBuildPhase;
			buildActionMask = 2147483647;
			files = (
			);
			runOnlyForDeploymentPostprocessing = 0;
		};
/* End PBXResourcesBuildPhase section */

/* Begin PBXSourcesBuildPhase section */
		A126F7FA1A180C010039EC8A /* Sources */ = {
			isa = PBXSourcesBuildPhase;
			buildActionMask = 2147483647;
			files = (
				A126F8CC1A1816EF0039EC8A /* AFURLConnectionOperation.m in Sources */,
				A126F8C71A1816EF0039EC8A /* AFHTTPRequestOperation.m in Sources */,
				A126F8CA1A1816EF0039EC8A /* AFNetworkReachabilityManager.m in Sources */,
				A126F8CF1A1816EF0039EC8A /* AFURLSessionManager.m in Sources */,
				A1887C021A187B66000FE1A7 /* FeedViewController.m in Sources */,
				A126F8CD1A1816EF0039EC8A /* AFURLRequestSerialization.m in Sources */,
				A1887BFD1A186E25000FE1A7 /* FeedCell.m in Sources */,
				A126F8071A180C010039EC8A /* AppDelegate.m in Sources */,
				A126F8CE1A1816EF0039EC8A /* AFURLResponseSerialization.m in Sources */,
				A126F80A1A180C010039EC8A /* MasterViewController.m in Sources */,
				A126F8041A180C010039EC8A /* main.m in Sources */,
				A126F8C81A1816EF0039EC8A /* AFHTTPRequestOperationManager.m in Sources */,
				A126F8CB1A1816EF0039EC8A /* AFSecurityPolicy.m in Sources */,
				A1887C051A1883A2000FE1A7 /* TakePicViewController.m in Sources */,
				A126F80D1A180C010039EC8A /* DetailViewController.m in Sources */,
				A126F82C1A18156A0039EC8A /* LoginViewController.m in Sources */,
				A126F8C91A1816EF0039EC8A /* AFHTTPSessionManager.m in Sources */,
			);
			runOnlyForDeploymentPostprocessing = 0;
		};
		A126F8161A180C010039EC8A /* Sources */ = {
			isa = PBXSourcesBuildPhase;
			buildActionMask = 2147483647;
			files = (
				A126F8211A180C010039EC8A /* ClickPicTests.m in Sources */,
			);
			runOnlyForDeploymentPostprocessing = 0;
		};
/* End PBXSourcesBuildPhase section */

/* Begin PBXTargetDependency section */
		A126F81C1A180C010039EC8A /* PBXTargetDependency */ = {
			isa = PBXTargetDependency;
			target = A126F7FD1A180C010039EC8A /* ClickPic */;
			targetProxy = A126F81B1A180C010039EC8A /* PBXContainerItemProxy */;
		};
/* End PBXTargetDependency section */

/* Begin PBXVariantGroup section */
		A126F80E1A180C010039EC8A /* Main.storyboard */ = {
			isa = PBXVariantGroup;
			children = (
				A126F80F1A180C010039EC8A /* Base */,
			);
			name = Main.storyboard;
			sourceTree = "<group>";
		};
		A126F8131A180C010039EC8A /* LaunchScreen.xib */ = {
			isa = PBXVariantGroup;
			children = (
				A126F8141A180C010039EC8A /* Base */,
			);
			name = LaunchScreen.xib;
			sourceTree = "<group>";
		};
/* End PBXVariantGroup section */

/* Begin XCBuildConfiguration section */
		A126F8221A180C010039EC8A /* Debug */ = {
			isa = XCBuildConfiguration;
			buildSettings = {
				ALWAYS_SEARCH_USER_PATHS = NO;
				CLANG_CXX_LANGUAGE_STANDARD = "gnu++0x";
				CLANG_CXX_LIBRARY = "libc++";
				CLANG_ENABLE_MODULES = YES;
				CLANG_ENABLE_OBJC_ARC = YES;
				CLANG_WARN_BOOL_CONVERSION = YES;
				CLANG_WARN_CONSTANT_CONVERSION = YES;
				CLANG_WARN_DIRECT_OBJC_ISA_USAGE = YES_ERROR;
				CLANG_WARN_EMPTY_BODY = YES;
				CLANG_WARN_ENUM_CONVERSION = YES;
				CLANG_WARN_INT_CONVERSION = YES;
				CLANG_WARN_OBJC_ROOT_CLASS = YES_ERROR;
				CLANG_WARN_UNREACHABLE_CODE = YES;
				CLANG_WARN__DUPLICATE_METHOD_MATCH = YES;
				"CODE_SIGN_IDENTITY[sdk=iphoneos*]" = "iPhone Developer";
				COPY_PHASE_STRIP = NO;
				ENABLE_STRICT_OBJC_MSGSEND = YES;
				GCC_C_LANGUAGE_STANDARD = gnu99;
				GCC_DYNAMIC_NO_PIC = NO;
				GCC_OPTIMIZATION_LEVEL = 0;
				GCC_PREPROCESSOR_DEFINITIONS = (
					"DEBUG=1",
					"$(inherited)",
				);
				GCC_SYMBOLS_PRIVATE_EXTERN = NO;
				GCC_WARN_64_TO_32_BIT_CONVERSION = YES;
				GCC_WARN_ABOUT_RETURN_TYPE = YES_ERROR;
				GCC_WARN_UNDECLARED_SELECTOR = YES;
				GCC_WARN_UNINITIALIZED_AUTOS = YES_AGGRESSIVE;
				GCC_WARN_UNUSED_FUNCTION = YES;
				GCC_WARN_UNUSED_VARIABLE = YES;
				IPHONEOS_DEPLOYMENT_TARGET = 8.1;
				MTL_ENABLE_DEBUG_INFO = YES;
				ONLY_ACTIVE_ARCH = YES;
				SDKROOT = iphoneos;
			};
			name = Debug;
		};
		A126F8231A180C010039EC8A /* Release */ = {
			isa = XCBuildConfiguration;
			buildSettings = {
				ALWAYS_SEARCH_USER_PATHS = NO;
				CLANG_CXX_LANGUAGE_STANDARD = "gnu++0x";
				CLANG_CXX_LIBRARY = "libc++";
				CLANG_ENABLE_MODULES = YES;
				CLANG_ENABLE_OBJC_ARC = YES;
				CLANG_WARN_BOOL_CONVERSION = YES;
				CLANG_WARN_CONSTANT_CONVERSION = YES;
				CLANG_WARN_DIRECT_OBJC_ISA_USAGE = YES_ERROR;
				CLANG_WARN_EMPTY_BODY = YES;
				CLANG_WARN_ENUM_CONVERSION = YES;
				CLANG_WARN_INT_CONVERSION = YES;
				CLANG_WARN_OBJC_ROOT_CLASS = YES_ERROR;
				CLANG_WARN_UNREACHABLE_CODE = YES;
				CLANG_WARN__DUPLICATE_METHOD_MATCH = YES;
				"CODE_SIGN_IDENTITY[sdk=iphoneos*]" = "iPhone Developer";
				COPY_PHASE_STRIP = YES;
				ENABLE_NS_ASSERTIONS = NO;
				ENABLE_STRICT_OBJC_MSGSEND = YES;
				GCC_C_LANGUAGE_STANDARD = gnu99;
				GCC_WARN_64_TO_32_BIT_CONVERSION = YES;
				GCC_WARN_ABOUT_RETURN_TYPE = YES_ERROR;
				GCC_WARN_UNDECLARED_SELECTOR = YES;
				GCC_WARN_UNINITIALIZED_AUTOS = YES_AGGRESSIVE;
				GCC_WARN_UNUSED_FUNCTION = YES;
				GCC_WARN_UNUSED_VARIABLE = YES;
				IPHONEOS_DEPLOYMENT_TARGET = 8.1;
				MTL_ENABLE_DEBUG_INFO = NO;
				SDKROOT = iphoneos;
				VALIDATE_PRODUCT = YES;
			};
			name = Release;
		};
		A126F8251A180C010039EC8A /* Debug */ = {
			isa = XCBuildConfiguration;
			buildSettings = {
				ASSETCATALOG_COMPILER_APPICON_NAME = AppIcon;
				INFOPLIST_FILE = ClickPic/Info.plist;
				LD_RUNPATH_SEARCH_PATHS = "$(inherited) @executable_path/Frameworks";
				PRODUCT_NAME = "$(TARGET_NAME)";
			};
			name = Debug;
		};
		A126F8261A180C010039EC8A /* Release */ = {
			isa = XCBuildConfiguration;
			buildSettings = {
				ASSETCATALOG_COMPILER_APPICON_NAME = AppIcon;
				INFOPLIST_FILE = ClickPic/Info.plist;
				LD_RUNPATH_SEARCH_PATHS = "$(inherited) @executable_path/Frameworks";
				PRODUCT_NAME = "$(TARGET_NAME)";
			};
			name = Release;
		};
		A126F8281A180C010039EC8A /* Debug */ = {
			isa = XCBuildConfiguration;
			buildSettings = {
				BUNDLE_LOADER = "$(TEST_HOST)";
				FRAMEWORK_SEARCH_PATHS = (
					"$(SDKROOT)/Developer/Library/Frameworks",
					"$(inherited)",
				);
				GCC_PREPROCESSOR_DEFINITIONS = (
					"DEBUG=1",
					"$(inherited)",
				);
				INFOPLIST_FILE = ClickPicTests/Info.plist;
				LD_RUNPATH_SEARCH_PATHS = "$(inherited) @executable_path/Frameworks @loader_path/Frameworks";
				PRODUCT_NAME = "$(TARGET_NAME)";
				TEST_HOST = "$(BUILT_PRODUCTS_DIR)/ClickPic.app/ClickPic";
			};
			name = Debug;
		};
		A126F8291A180C010039EC8A /* Release */ = {
			isa = XCBuildConfiguration;
			buildSettings = {
				BUNDLE_LOADER = "$(TEST_HOST)";
				FRAMEWORK_SEARCH_PATHS = (
					"$(SDKROOT)/Developer/Library/Frameworks",
					"$(inherited)",
				);
				INFOPLIST_FILE = ClickPicTests/Info.plist;
				LD_RUNPATH_SEARCH_PATHS = "$(inherited) @executable_path/Frameworks @loader_path/Frameworks";
				PRODUCT_NAME = "$(TARGET_NAME)";
				TEST_HOST = "$(BUILT_PRODUCTS_DIR)/ClickPic.app/ClickPic";
			};
			name = Release;
		};
/* End XCBuildConfiguration section */

/* Begin XCConfigurationList section */
		A126F7F91A180C010039EC8A /* Build configuration list for PBXProject "ClickPic" */ = {
			isa = XCConfigurationList;
			buildConfigurations = (
				A126F8221A180C010039EC8A /* Debug */,
				A126F8231A180C010039EC8A /* Release */,
			);
			defaultConfigurationIsVisible = 0;
			defaultConfigurationName = Release;
		};
		A126F8241A180C010039EC8A /* Build configuration list for PBXNativeTarget "ClickPic" */ = {
			isa = XCConfigurationList;
			buildConfigurations = (
				A126F8251A180C010039EC8A /* Debug */,
				A126F8261A180C010039EC8A /* Release */,
			);
			defaultConfigurationIsVisible = 0;
			defaultConfigurationName = Release;
		};
		A126F8271A180C010039EC8A /* Build configuration list for PBXNativeTarget "ClickPicTests" */ = {
			isa = XCConfigurationList;
			buildConfigurations = (
				A126F8281A180C010039EC8A /* Debug */,
				A126F8291A180C010039EC8A /* Release */,
			);
			defaultConfigurationIsVisible = 0;
			defaultConfigurationName = Release;
		};
/* End XCConfigurationList section */
	};
	rootObject = A126F7F61A180C010039EC8A /* Project object */;
}
